// !$*UTF8*$!
{
	archiveVersion = 1;
	classes = {
	};
	objectVersion = 50;
	objects = {

/* Begin PBXBuildFile section */
		3A289EDC224A1A9E00C37966 /* AppDelegate.swift in Sources */ = {isa = PBXBuildFile; fileRef = 3A289EDB224A1A9E00C37966 /* AppDelegate.swift */; };
		3A289EDE224A1A9E00C37966 /* ViewController.swift in Sources */ = {isa = PBXBuildFile; fileRef = 3A289EDD224A1A9E00C37966 /* ViewController.swift */; };
		3A289EE1224A1A9E00C37966 /* Main.storyboard in Resources */ = {isa = PBXBuildFile; fileRef = 3A289EDF224A1A9E00C37966 /* Main.storyboard */; };
		3A289EE4224A1A9E00C37966 /* TemporaryChanges.xcdatamodeld in Sources */ = {isa = PBXBuildFile; fileRef = 3A289EE2224A1A9E00C37966 /* TemporaryChanges.xcdatamodeld */; };
		3A289EE6224A1A9F00C37966 /* Assets.xcassets in Resources */ = {isa = PBXBuildFile; fileRef = 3A289EE5224A1A9F00C37966 /* Assets.xcassets */; };
		3A289EE9224A1A9F00C37966 /* LaunchScreen.storyboard in Resources */ = {isa = PBXBuildFile; fileRef = 3A289EE7224A1A9F00C37966 /* LaunchScreen.storyboard */; };
		3A289EF1224A237800C37966 /* UserDetailViewController.swift in Sources */ = {isa = PBXBuildFile; fileRef = 3A289EF0224A237800C37966 /* UserDetailViewController.swift */; };
		3A289EF8224A3E7300C37966 /* LoginAttempt+CoreDataClass.swift in Sources */ = {isa = PBXBuildFile; fileRef = 3A289EF6224A3E7300C37966 /* LoginAttempt+CoreDataClass.swift */; };
		3A289EF9224A3E7300C37966 /* LoginAttempt+CoreDataProperties.swift in Sources */ = {isa = PBXBuildFile; fileRef = 3A289EF7224A3E7300C37966 /* LoginAttempt+CoreDataProperties.swift */; };
		3A289EFD224A3FE500C37966 /* User+CoreDataClass.swift in Sources */ = {isa = PBXBuildFile; fileRef = 3A289EFB224A3FE500C37966 /* User+CoreDataClass.swift */; };
		3A289EFE224A3FE500C37966 /* User+CoreDataProperties.swift in Sources */ = {isa = PBXBuildFile; fileRef = 3A289EFC224A3FE500C37966 /* User+CoreDataProperties.swift */; };
		3A289F01224B820600C37966 /* UndoManager.swift in Sources */ = {isa = PBXBuildFile; fileRef = 3A289F00224B820600C37966 /* UndoManager.swift */; };
/* End PBXBuildFile section */

/* Begin PBXFileReference section */
		3A289ED8224A1A9E00C37966 /* TemporaryChanges.app */ = {isa = PBXFileReference; explicitFileType = wrapper.application; includeInIndex = 0; path = TemporaryChanges.app; sourceTree = BUILT_PRODUCTS_DIR; };
		3A289EDB224A1A9E00C37966 /* AppDelegate.swift */ = {isa = PBXFileReference; lastKnownFileType = sourcecode.swift; path = AppDelegate.swift; sourceTree = "<group>"; };
		3A289EDD224A1A9E00C37966 /* ViewController.swift */ = {isa = PBXFileReference; lastKnownFileType = sourcecode.swift; path = ViewController.swift; sourceTree = "<group>"; };
		3A289EE0224A1A9E00C37966 /* Base */ = {isa = PBXFileReference; lastKnownFileType = file.storyboard; name = Base; path = Base.lproj/Main.storyboard; sourceTree = "<group>"; };
		3A289EE3224A1A9E00C37966 /* TemporaryChanges.xcdatamodel */ = {isa = PBXFileReference; lastKnownFileType = wrapper.xcdatamodel; path = TemporaryChanges.xcdatamodel; sourceTree = "<group>"; };
		3A289EE5224A1A9F00C37966 /* Assets.xcassets */ = {isa = PBXFileReference; lastKnownFileType = folder.assetcatalog; path = Assets.xcassets; sourceTree = "<group>"; };
		3A289EE8224A1A9F00C37966 /* Base */ = {isa = PBXFileReference; lastKnownFileType = file.storyboard; name = Base; path = Base.lproj/LaunchScreen.storyboard; sourceTree = "<group>"; };
		3A289EEA224A1A9F00C37966 /* Info.plist */ = {isa = PBXFileReference; lastKnownFileType = text.plist.xml; path = Info.plist; sourceTree = "<group>"; };
		3A289EF0224A237800C37966 /* UserDetailViewController.swift */ = {isa = PBXFileReference; lastKnownFileType = sourcecode.swift; path = UserDetailViewController.swift; sourceTree = "<group>"; };
		3A289EF6224A3E7300C37966 /* LoginAttempt+CoreDataClass.swift */ = {isa = PBXFileReference; lastKnownFileType = sourcecode.swift; path = "LoginAttempt+CoreDataClass.swift"; sourceTree = "<group>"; };
		3A289EF7224A3E7300C37966 /* LoginAttempt+CoreDataProperties.swift */ = {isa = PBXFileReference; lastKnownFileType = sourcecode.swift; path = "LoginAttempt+CoreDataProperties.swift"; sourceTree = "<group>"; };
		3A289EFB224A3FE500C37966 /* User+CoreDataClass.swift */ = {isa = PBXFileReference; lastKnownFileType = sourcecode.swift; path = "User+CoreDataClass.swift"; sourceTree = "<group>"; };
		3A289EFC224A3FE500C37966 /* User+CoreDataProperties.swift */ = {isa = PBXFileReference; lastKnownFileType = sourcecode.swift; path = "User+CoreDataProperties.swift"; sourceTree = "<group>"; };
		3A289F00224B820600C37966 /* UndoManager.swift */ = {isa = PBXFileReference; lastKnownFileType = sourcecode.swift; path = UndoManager.swift; sourceTree = "<group>"; };
/* End PBXFileReference section */

/* Begin PBXFrameworksBuildPhase section */
		3A289ED5224A1A9E00C37966 /* Frameworks */ = {
			isa = PBXFrameworksBuildPhase;
			buildActionMask = 2147483647;
			files = (
			);
			runOnlyForDeploymentPostprocessing = 0;
		};
/* End PBXFrameworksBuildPhase section */

/* Begin PBXGroup section */
		3A289ECF224A1A9E00C37966 = {
			isa = PBXGroup;
			children = (
				3A289EDA224A1A9E00C37966 /* TemporaryChanges */,
				3A289ED9224A1A9E00C37966 /* Products */,
			);
			sourceTree = "<group>";
		};
		3A289ED9224A1A9E00C37966 /* Products */ = {
			isa = PBXGroup;
			children = (
				3A289ED8224A1A9E00C37966 /* TemporaryChanges.app */,
			);
			name = Products;
			sourceTree = "<group>";
		};
		3A289EDA224A1A9E00C37966 /* TemporaryChanges */ = {
			isa = PBXGroup;
			children = (
				3A289EFF224B81F300C37966 /* UndoManager */,
				3A289EFA224A3E7900C37966 /* CoreData Classes */,
				3A289EDB224A1A9E00C37966 /* AppDelegate.swift */,
				3A289EDD224A1A9E00C37966 /* ViewController.swift */,
				3A289EDF224A1A9E00C37966 /* Main.storyboard */,
				3A289EE5224A1A9F00C37966 /* Assets.xcassets */,
				3A289EE7224A1A9F00C37966 /* LaunchScreen.storyboard */,
				3A289EEA224A1A9F00C37966 /* Info.plist */,
				3A289EE2224A1A9E00C37966 /* TemporaryChanges.xcdatamodeld */,
				3A289EF0224A237800C37966 /* UserDetailViewController.swift */,
			);
			path = TemporaryChanges;
			sourceTree = "<group>";
		};
		3A289EFA224A3E7900C37966 /* CoreData Classes */ = {
			isa = PBXGroup;
			children = (
				3A289EFB224A3FE500C37966 /* User+CoreDataClass.swift */,
				3A289EFC224A3FE500C37966 /* User+CoreDataProperties.swift */,
				3A289EF6224A3E7300C37966 /* LoginAttempt+CoreDataClass.swift */,
				3A289EF7224A3E7300C37966 /* LoginAttempt+CoreDataProperties.swift */,
			);
			path = "CoreData Classes";
			sourceTree = "<group>";
		};
		3A289EFF224B81F300C37966 /* UndoManager */ = {
			isa = PBXGroup;
			children = (
				3A289F00224B820600C37966 /* UndoManager.swift */,
			);
			path = UndoManager;
			sourceTree = "<group>";
		};
/* End PBXGroup section */

/* Begin PBXNativeTarget section */
		3A289ED7224A1A9E00C37966 /* TemporaryChanges */ = {
			isa = PBXNativeTarget;
			buildConfigurationList = 3A289EED224A1A9F00C37966 /* Build configuration list for PBXNativeTarget "TemporaryChanges" */;
			buildPhases = (
				3A289ED4224A1A9E00C37966 /* Sources */,
				3A289ED5224A1A9E00C37966 /* Frameworks */,
				3A289ED6224A1A9E00C37966 /* Resources */,
			);
			buildRules = (
			);
			dependencies = (
			);
			name = TemporaryChanges;
			productName = TemporaryChanges;
			productReference = 3A289ED8224A1A9E00C37966 /* TemporaryChanges.app */;
			productType = "com.apple.product-type.application";
		};
/* End PBXNativeTarget section */

/* Begin PBXProject section */
		3A289ED0224A1A9E00C37966 /* Project object */ = {
			isa = PBXProject;
			attributes = {
				LastSwiftUpdateCheck = 1010;
				LastUpgradeCheck = 1010;
				ORGANIZATIONNAME = "Ali Akhtar";
				TargetAttributes = {
					3A289ED7224A1A9E00C37966 = {
						CreatedOnToolsVersion = 10.1;
					};
				};
			};
			buildConfigurationList = 3A289ED3224A1A9E00C37966 /* Build configuration list for PBXProject "TemporaryChanges" */;
			compatibilityVersion = "Xcode 9.3";
			developmentRegion = en;
			hasScannedForEncodings = 0;
			knownRegions = (
				en,
				Base,
			);
			mainGroup = 3A289ECF224A1A9E00C37966;
			productRefGroup = 3A289ED9224A1A9E00C37966 /* Products */;
			projectDirPath = "";
			projectRoot = "";
			targets = (
				3A289ED7224A1A9E00C37966 /* TemporaryChanges */,
			);
		};
/* End PBXProject section */

/* Begin PBXResourcesBuildPhase section */
		3A289ED6224A1A9E00C37966 /* Resources */ = {
			isa = PBXResourcesBuildPhase;
			buildActionMask = 2147483647;
			files = (
				3A289EE9224A1A9F00C37966 /* LaunchScreen.storyboard in Resources */,
				3A289EE6224A1A9F00C37966 /* Assets.xcassets in Resources */,
				3A289EE1224A1A9E00C37966 /* Main.storyboard in Resources */,
			);
			runOnlyForDeploymentPostprocessing = 0;
		};
/* End PBXResourcesBuildPhase section */

/* Begin PBXSourcesBuildPhase section */
		3A289ED4224A1A9E00C37966 /* Sources */ = {
			isa = PBXSourcesBuildPhase;
			buildActionMask = 2147483647;
			files = (
				3A289EDE224A1A9E00C37966 /* ViewController.swift in Sources */,
				3A289EDC224A1A9E00C37966 /* AppDelegate.swift in Sources */,
				3A289EFE224A3FE500C37966 /* User+CoreDataProperties.swift in Sources */,
				3A289EF9224A3E7300C37966 /* LoginAttempt+CoreDataProperties.swift in Sources */,
				3A289EF1224A237800C37966 /* UserDetailViewController.swift in Sources */,
				3A289F01224B820600C37966 /* UndoManager.swift in Sources */,
				3A289EE4224A1A9E00C37966 /* TemporaryChanges.xcdatamodeld in Sources */,
				3A289EF8224A3E7300C37966 /* LoginAttempt+CoreDataClass.swift in Sources */,
				3A289EFD224A3FE500C37966 /* User+CoreDataClass.swift in Sources */,
			);
			runOnlyForDeploymentPostprocessing = 0;
		};
/* End PBXSourcesBuildPhase section */

/* Begin PBXVariantGroup section */
		3A289EDF224A1A9E00C37966 /* Main.storyboard */ = {
			isa = PBXVariantGroup;
			children = (
				3A289EE0224A1A9E00C37966 /* Base */,
			);
			name = Main.storyboard;
			sourceTree = "<group>";
		};
		3A289EE7224A1A9F00C37966 /* LaunchScreen.storyboard */ = {
			isa = PBXVariantGroup;
			children = (
				3A289EE8224A1A9F00C37966 /* Base */,
			);
			name = LaunchScreen.storyboard;
			sourceTree = "<group>";
		};
/* End PBXVariantGroup section */

/* Begin XCBuildConfiguration section */
		3A289EEB224A1A9F00C37966 /* Debug */ = {
			isa = XCBuildConfiguration;
			buildSettings = {
				ALWAYS_SEARCH_USER_PATHS = NO;
				CLANG_ANALYZER_NONNULL = YES;
				CLANG_ANALYZER_NUMBER_OBJECT_CONVERSION = YES_AGGRESSIVE;
				CLANG_CXX_LANGUAGE_STANDARD = "gnu++14";
				CLANG_CXX_LIBRARY = "libc++";
				CLANG_ENABLE_MODULES = YES;
				CLANG_ENABLE_OBJC_ARC = YES;
				CLANG_ENABLE_OBJC_WEAK = YES;
				CLANG_WARN_BLOCK_CAPTURE_AUTORELEASING = YES;
				CLANG_WARN_BOOL_CONVERSION = YES;
				CLANG_WARN_COMMA = YES;
				CLANG_WARN_CONSTANT_CONVERSION = YES;
				CLANG_WARN_DEPRECATED_OBJC_IMPLEMENTATIONS = YES;
				CLANG_WARN_DIRECT_OBJC_ISA_USAGE = YES_ERROR;
				CLANG_WARN_DOCUMENTATION_COMMENTS = YES;
				CLANG_WARN_EMPTY_BODY = YES;
				CLANG_WARN_ENUM_CONVERSION = YES;
				CLANG_WARN_INFINITE_RECURSION = YES;
				CLANG_WARN_INT_CONVERSION = YES;
				CLANG_WARN_NON_LITERAL_NULL_CONVERSION = YES;
				CLANG_WARN_OBJC_IMPLICIT_RETAIN_SELF = YES;
				CLANG_WARN_OBJC_LITERAL_CONVERSION = YES;
				CLANG_WARN_OBJC_ROOT_CLASS = YES_ERROR;
				CLANG_WARN_RANGE_LOOP_ANALYSIS = YES;
				CLANG_WARN_STRICT_PROTOTYPES = YES;
				CLANG_WARN_SUSPICIOUS_MOVE = YES;
				CLANG_WARN_UNGUARDED_AVAILABILITY = YES_AGGRESSIVE;
				CLANG_WARN_UNREACHABLE_CODE = YES;
				CLANG_WARN__DUPLICATE_METHOD_MATCH = YES;
				CODE_SIGN_IDENTITY = "iPhone Developer";
				COPY_PHASE_STRIP = NO;
				DEBUG_INFORMATION_FORMAT = dwarf;
				ENABLE_STRICT_OBJC_MSGSEND = YES;
				ENABLE_TESTABILITY = YES;
				GCC_C_LANGUAGE_STANDARD = gnu11;
				GCC_DYNAMIC_NO_PIC = NO;
				GCC_NO_COMMON_BLOCKS = YES;
				GCC_OPTIMIZATION_LEVEL = 0;
				GCC_PREPROCESSOR_DEFINITIONS = (
					"DEBUG=1",
					"$(inherited)",
				);
				GCC_WARN_64_TO_32_BIT_CONVERSION = YES;
				GCC_WARN_ABOUT_RETURN_TYPE = YES_ERROR;
				GCC_WARN_UNDECLARED_SELECTOR = YES;
				GCC_WARN_UNINITIALIZED_AUTOS = YES_AGGRESSIVE;
				GCC_WARN_UNUSED_FUNCTION = YES;
				GCC_WARN_UNUSED_VARIABLE = YES;
				IPHONEOS_DEPLOYMENT_TARGET = 12.1;
				MTL_ENABLE_DEBUG_INFO = INCLUDE_SOURCE;
				MTL_FAST_MATH = YES;
				ONLY_ACTIVE_ARCH = YES;
				SDKROOT = iphoneos;
				SWIFT_ACTIVE_COMPILATION_CONDITIONS = DEBUG;
				SWIFT_OPTIMIZATION_LEVEL = "-Onone";
			};
			name = Debug;
		};
		3A289EEC224A1A9F00C37966 /* Release */ = {
			isa = XCBuildConfiguration;
			buildSettings = {
				ALWAYS_SEARCH_USER_PATHS = NO;
				CLANG_ANALYZER_NONNULL = YES;
				CLANG_ANALYZER_NUMBER_OBJECT_CONVERSION = YES_AGGRESSIVE;
				CLANG_CXX_LANGUAGE_STANDARD = "gnu++14";
				CLANG_CXX_LIBRARY = "libc++";
				CLANG_ENABLE_MODULES = YES;
				CLANG_ENABLE_OBJC_ARC = YES;
				CLANG_ENABLE_OBJC_WEAK = YES;
				CLANG_WARN_BLOCK_CAPTURE_AUTORELEASING = YES;
				CLANG_WARN_BOOL_CONVERSION = YES;
				CLANG_WARN_COMMA = YES;
				CLANG_WARN_CONSTANT_CONVERSION = YES;
				CLANG_WARN_DEPRECATED_OBJC_IMPLEMENTATIONS = YES;
				CLANG_WARN_DIRECT_OBJC_ISA_USAGE = YES_ERROR;
				CLANG_WARN_DOCUMENTATION_COMMENTS = YES;
				CLANG_WARN_EMPTY_BODY = YES;
				CLANG_WARN_ENUM_CONVERSION = YES;
				CLANG_WARN_INFINITE_RECURSION = YES;
				CLANG_WARN_INT_CONVERSION = YES;
				CLANG_WARN_NON_LITERAL_NULL_CONVERSION = YES;
				CLANG_WARN_OBJC_IMPLICIT_RETAIN_SELF = YES;
				CLANG_WARN_OBJC_LITERAL_CONVERSION = YES;
				CLANG_WARN_OBJC_ROOT_CLASS = YES_ERROR;
				CLANG_WARN_RANGE_LOOP_ANALYSIS = YES;
				CLANG_WARN_STRICT_PROTOTYPES = YES;
				CLANG_WARN_SUSPICIOUS_MOVE = YES;
				CLANG_WARN_UNGUARDED_AVAILABILITY = YES_AGGRESSIVE;
				CLANG_WARN_UNREACHABLE_CODE = YES;
				CLANG_WARN__DUPLICATE_METHOD_MATCH = YES;
				CODE_SIGN_IDENTITY = "iPhone Developer";
				COPY_PHASE_STRIP = NO;
				DEBUG_INFORMATION_FORMAT = "dwarf-with-dsym";
				ENABLE_NS_ASSERTIONS = NO;
				ENABLE_STRICT_OBJC_MSGSEND = YES;
				GCC_C_LANGUAGE_STANDARD = gnu11;
				GCC_NO_COMMON_BLOCKS = YES;
				GCC_WARN_64_TO_32_BIT_CONVERSION = YES;
				GCC_WARN_ABOUT_RETURN_TYPE = YES_ERROR;
				GCC_WARN_UNDECLARED_SELECTOR = YES;
				GCC_WARN_UNINITIALIZED_AUTOS = YES_AGGRESSIVE;
				GCC_WARN_UNUSED_FUNCTION = YES;
				GCC_WARN_UNUSED_VARIABLE = YES;
				IPHONEOS_DEPLOYMENT_TARGET = 12.1;
				MTL_ENABLE_DEBUG_INFO = NO;
				MTL_FAST_MATH = YES;
				SDKROOT = iphoneos;
				SWIFT_COMPILATION_MODE = wholemodule;
				SWIFT_OPTIMIZATION_LEVEL = "-O";
				VALIDATE_PRODUCT = YES;
			};
			name = Release;
		};
		3A289EEE224A1A9F00C37966 /* Debug */ = {
			isa = XCBuildConfiguration;
			buildSettings = {
				ASSETCATALOG_COMPILER_APPICON_NAME = AppIcon;
				CODE_SIGN_STYLE = Automatic;
				INFOPLIST_FILE = TemporaryChanges/Info.plist;
				LD_RUNPATH_SEARCH_PATHS = (
					"$(inherited)",
					"@executable_path/Frameworks",
				);
				PRODUCT_BUNDLE_IDENTIFIER = com.ali.akhtar.TemporaryChanges;
				PRODUCT_NAME = "$(TARGET_NAME)";
				SWIFT_VERSION = 4.2;
				TARGETED_DEVICE_FAMILY = "1,2";
			};
			name = Debug;
		};
		3A289EEF224A1A9F00C37966 /* Release */ = {
			isa = XCBuildConfiguration;
			buildSettings = {
				ASSETCATALOG_COMPILER_APPICON_NAME = AppIcon;
				CODE_SIGN_STYLE = Automatic;
				INFOPLIST_FILE = TemporaryChanges/Info.plist;
				LD_RUNPATH_SEARCH_PATHS = (
					"$(inherited)",
					"@executable_path/Frameworks",
				);
				PRODUCT_BUNDLE_IDENTIFIER = com.ali.akhtar.TemporaryChanges;
				PRODUCT_NAME = "$(TARGET_NAME)";
				SWIFT_VERSION = 4.2;
				TARGETED_DEVICE_FAMILY = "1,2";
			};
			name = Release;
		};
/* End XCBuildConfiguration section */

/* Begin XCConfigurationList section */
		3A289ED3224A1A9E00C37966 /* Build configuration list for PBXProject "TemporaryChanges" */ = {
			isa = XCConfigurationList;
			buildConfigurations = (
				3A289EEB224A1A9F00C37966 /* Debug */,
				3A289EEC224A1A9F00C37966 /* Release */,
			);
			defaultConfigurationIsVisible = 0;
			defaultConfigurationName = Release;
		};
		3A289EED224A1A9F00C37966 /* Build configuration list for PBXNativeTarget "TemporaryChanges" */ = {
			isa = XCConfigurationList;
			buildConfigurations = (
				3A289EEE224A1A9F00C37966 /* Debug */,
				3A289EEF224A1A9F00C37966 /* Release */,
			);
			defaultConfigurationIsVisible = 0;
			defaultConfigurationName = Release;
		};
/* End XCConfigurationList section */

/* Begin XCVersionGroup section */
		3A289EE2224A1A9E00C37966 /* TemporaryChanges.xcdatamodeld */ = {
			isa = XCVersionGroup;
			children = (
				3A289EE3224A1A9E00C37966 /* TemporaryChanges.xcdatamodel */,
			);
			currentVersion = 3A289EE3224A1A9E00C37966 /* TemporaryChanges.xcdatamodel */;
			path = TemporaryChanges.xcdatamodeld;
			sourceTree = "<group>";
			versionGroupType = wrapper.xcdatamodel;
		};
/* End XCVersionGroup section */
	};
	rootObject = 3A289ED0224A1A9E00C37966 /* Project object */;
}
